
Microsoft Visual Studio Solution File, Format Version 12.00
# Visual Studio Version 17
VisualStudioVersion = 17.0.32112.339
MinimumVisualStudioVersion = 10.0.40219.1
Project("{FAE04EC0-301F-11D3-BF4B-00C04F79EFBC}") = "SweepyTweaks", "SweepyTweaks.csproj", "{B82972EE-8AB1-4BB9-AD5A-7FA50A187C6F}"
EndProject
Global
	GlobalSection(SolutionConfigurationPlatforms) = preSolution
		Debug|Any CPU = Debug|Any CPU
		Release|Any CPU = Release|Any CPU
	EndGlobalSection
	GlobalSection(ProjectConfigurationPlatforms) = postSolution
		{B82972EE-8AB1-4BB9-AD5A-7FA50A187C6F}.Debug|Any CPU.ActiveCfg = Debug|Any CPU
		{B82972EE-8AB1-4BB9-AD5A-7FA50A187C6F}.Debug|Any CPU.Build.0 = Debug|Any CPU
		{B82972EE-8AB1-4BB9-AD5A-7FA50A187C6F}.Release|Any CPU.ActiveCfg = Release|Any CPU
		{B82972EE-8AB1-4BB9-AD5A-7FA50A187C6F}.Release|Any CPU.Build.0 = Release|Any CPU
	EndGlobalSection
	GlobalSection(SolutionProperties) = preSolution
		HideSolutionNode = FALSE
	EndGlobalSection
	GlobalSection(ExtensibilityGlobals) = postSolution
		SolutionGuid = {9269E34F-9989-4EEA-9F6B-E4FF395871F1}
	EndGlobalSection
EndGlobal
